
Microsoft Visual Studio Solution File, Format Version 12.00
# Visual Studio Version 17
VisualStudioVersion = 17.8.34511.84
MinimumVisualStudioVersion = 10.0.40219.1
Project("{FAE04EC0-301F-11D3-BF4B-00C04F79EFBC}") = "StockMonitoringNetF", "StockMonitoringNetF.csproj", "{8CBCDB14-512C-4331-8136-BEB1707A1C92}"
EndProject
Global
	GlobalSection(SolutionConfigurationPlatforms) = preSolution
		Debug|Any CPU = Debug|Any CPU
		Release|Any CPU = Release|Any CPU
	EndGlobalSection
	GlobalSection(ProjectConfigurationPlatforms) = postSolution
		{8CBCDB14-512C-4331-8136-BEB1707A1C92}.Debug|Any CPU.ActiveCfg = Debug|Any CPU
		{8CBCDB14-512C-4331-8136-BEB1707A1C92}.Debug|Any CPU.Build.0 = Debug|Any CPU
		{8CBCDB14-512C-4331-8136-BEB1707A1C92}.Release|Any CPU.ActiveCfg = Release|Any CPU
		{8CBCDB14-512C-4331-8136-BEB1707A1C92}.Release|Any CPU.Build.0 = Release|Any CPU
	EndGlobalSection
	GlobalSection(SolutionProperties) = preSolution
		HideSolutionNode = FALSE
	EndGlobalSection
	GlobalSection(ExtensibilityGlobals) = postSolution
		SolutionGuid = {EBD2EFE2-B5E4-4EB0-BD90-07EA2DABD92D}
	EndGlobalSection
EndGlobal
